
Microsoft Visual Studio Solution File, Format Version 12.00
# Visual Studio Version 17
VisualStudioVersion = 17.5.33627.172
MinimumVisualStudioVersion = 10.0.40219.1
Project("{FAE04EC0-301F-11D3-BF4B-00C04F79EFBC}") = "EversunExam", "EversunExam.csproj", "{00A411D9-BC41-4F0B-A3A7-FE2B3B4B4057}"
EndProject
Global
	GlobalSection(SolutionConfigurationPlatforms) = preSolution
		Debug|Any CPU = Debug|Any CPU
		Release|Any CPU = Release|Any CPU
	EndGlobalSection
	GlobalSection(ProjectConfigurationPlatforms) = postSolution
		{00A411D9-BC41-4F0B-A3A7-FE2B3B4B4057}.Debug|Any CPU.ActiveCfg = Debug|Any CPU
		{00A411D9-BC41-4F0B-A3A7-FE2B3B4B4057}.Debug|Any CPU.Build.0 = Debug|Any CPU
		{00A411D9-BC41-4F0B-A3A7-FE2B3B4B4057}.Release|Any CPU.ActiveCfg = Release|Any CPU
		{00A411D9-BC41-4F0B-A3A7-FE2B3B4B4057}.Release|Any CPU.Build.0 = Release|Any CPU
	EndGlobalSection
	GlobalSection(SolutionProperties) = preSolution
		HideSolutionNode = FALSE
	EndGlobalSection
	GlobalSection(ExtensibilityGlobals) = postSolution
		SolutionGuid = {F72066B9-6094-48AB-B0DD-A764461C7ED3}
	EndGlobalSection
EndGlobal
